
Microsoft Visual Studio Solution File, Format Version 12.00
Project("{FAE04EC0-301F-11D3-BF4B-00C04F79EFBC}") = "ASDlab4", "ASDlab4\ASDlab4.csproj", "{D0E8C767-610D-4A3C-8220-BE3B8750027E}"
EndProject
Global
	GlobalSection(SolutionConfigurationPlatforms) = preSolution
		Debug|Any CPU = Debug|Any CPU
		Release|Any CPU = Release|Any CPU
	EndGlobalSection
	GlobalSection(ProjectConfigurationPlatforms) = postSolution
		{D0E8C767-610D-4A3C-8220-BE3B8750027E}.Debug|Any CPU.ActiveCfg = Debug|Any CPU
		{D0E8C767-610D-4A3C-8220-BE3B8750027E}.Debug|Any CPU.Build.0 = Debug|Any CPU
		{D0E8C767-610D-4A3C-8220-BE3B8750027E}.Release|Any CPU.ActiveCfg = Release|Any CPU
		{D0E8C767-610D-4A3C-8220-BE3B8750027E}.Release|Any CPU.Build.0 = Release|Any CPU
	EndGlobalSection
EndGlobal
